
Microsoft Visual Studio Solution File, Format Version 12.00
# Visual Studio 14
VisualStudioVersion = 14.0.25420.1
MinimumVisualStudioVersion = 10.0.40219.1
Project("{8BC9CEB8-8B4A-11D0-8D11-00A0C91BC942}") = "Würfelspiel2", "Würfelspiel2\Würfelspiel2.vcxproj", "{067E158B-54FC-4C0F-AA80-F8009F4F4B4E}"
EndProject
Global
	GlobalSection(SolutionConfigurationPlatforms) = preSolution
		Debug|x64 = Debug|x64
		Debug|x86 = Debug|x86
		Release|x64 = Release|x64
		Release|x86 = Release|x86
	EndGlobalSection
	GlobalSection(ProjectConfigurationPlatforms) = postSolution
		{067E158B-54FC-4C0F-AA80-F8009F4F4B4E}.Debug|x64.ActiveCfg = Debug|x64
		{067E158B-54FC-4C0F-AA80-F8009F4F4B4E}.Debug|x64.Build.0 = Debug|x64
		{067E158B-54FC-4C0F-AA80-F8009F4F4B4E}.Debug|x86.ActiveCfg = Debug|Win32
		{067E158B-54FC-4C0F-AA80-F8009F4F4B4E}.Debug|x86.Build.0 = Debug|Win32
		{067E158B-54FC-4C0F-AA80-F8009F4F4B4E}.Release|x64.ActiveCfg = Release|x64
		{067E158B-54FC-4C0F-AA80-F8009F4F4B4E}.Release|x64.Build.0 = Release|x64
		{067E158B-54FC-4C0F-AA80-F8009F4F4B4E}.Release|x86.ActiveCfg = Release|Win32
		{067E158B-54FC-4C0F-AA80-F8009F4F4B4E}.Release|x86.Build.0 = Release|Win32
	EndGlobalSection
	GlobalSection(SolutionProperties) = preSolution
		HideSolutionNode = FALSE
	EndGlobalSection
EndGlobal
